// !$*UTF8*$!
{
	archiveVersion = 1;
	classes = {
	};
	objectVersion = 50;
	objects = {

/* Begin PBXBuildFile section */
		A6C79BAFB392D5D1F18A8783 /* Pods_foodvisorTests.framework in Frameworks */ = {isa = PBXBuildFile; fileRef = 7C06560877692D8664FB4E41 /* Pods_foodvisorTests.framework */; };
		DA8B103721EEE0F600526956 /* Aliment.swift in Sources */ = {isa = PBXBuildFile; fileRef = DA8B103621EEE0F600526956 /* Aliment.swift */; };
		DA8B103921EEE31F00526956 /* typeAliment.swift in Sources */ = {isa = PBXBuildFile; fileRef = DA8B103821EEE31F00526956 /* typeAliment.swift */; };
		DAAB08E321EE79E00011D1F4 /* AppDelegate.swift in Sources */ = {isa = PBXBuildFile; fileRef = DAAB08E221EE79E00011D1F4 /* AppDelegate.swift */; };
		DAAB08E521EE79E00011D1F4 /* ViewController.swift in Sources */ = {isa = PBXBuildFile; fileRef = DAAB08E421EE79E00011D1F4 /* ViewController.swift */; };
		DAAB08E821EE79E00011D1F4 /* Main.storyboard in Resources */ = {isa = PBXBuildFile; fileRef = DAAB08E621EE79E00011D1F4 /* Main.storyboard */; };
		DAAB08EA21EE79E20011D1F4 /* Assets.xcassets in Resources */ = {isa = PBXBuildFile; fileRef = DAAB08E921EE79E20011D1F4 /* Assets.xcassets */; };
		DAAB08ED21EE79E20011D1F4 /* LaunchScreen.storyboard in Resources */ = {isa = PBXBuildFile; fileRef = DAAB08EB21EE79E20011D1F4 /* LaunchScreen.storyboard */; };
		DAAB08F821EE79E20011D1F4 /* foodvisorTests.swift in Sources */ = {isa = PBXBuildFile; fileRef = DAAB08F721EE79E20011D1F4 /* foodvisorTests.swift */; };
		DAF43E6721EEBC2300F46631 /* FoodsTableViewCell.swift in Sources */ = {isa = PBXBuildFile; fileRef = DAF43E6621EEBC2300F46631 /* FoodsTableViewCell.swift */; };
		DAF43E6921EEBC7300F46631 /* HealthyTableViewCell.swift in Sources */ = {isa = PBXBuildFile; fileRef = DAF43E6821EEBC7300F46631 /* HealthyTableViewCell.swift */; };
		DAF43E6B21EEBC8900F46631 /* AllCombinationsTableViewCell.swift in Sources */ = {isa = PBXBuildFile; fileRef = DAF43E6A21EEBC8900F46631 /* AllCombinationsTableViewCell.swift */; };
		E1A8D947DBA48A59F85E7309 /* Pods_foodvisor.framework in Frameworks */ = {isa = PBXBuildFile; fileRef = 8847EFC7A404DB040C80B05F /* Pods_foodvisor.framework */; };
/* End PBXBuildFile section */

/* Begin PBXContainerItemProxy section */
		DAAB08F421EE79E20011D1F4 /* PBXContainerItemProxy */ = {
			isa = PBXContainerItemProxy;
			containerPortal = DAAB08D721EE79E00011D1F4 /* Project object */;
			proxyType = 1;
			remoteGlobalIDString = DAAB08DE21EE79E00011D1F4;
			remoteInfo = foodvisor;
		};
/* End PBXContainerItemProxy section */

/* Begin PBXFileReference section */
		3243E631F5943E2F9BCFCBB7 /* Pods-foodvisor.debug.xcconfig */ = {isa = PBXFileReference; includeInIndex = 1; lastKnownFileType = text.xcconfig; name = "Pods-foodvisor.debug.xcconfig"; path = "Pods/Target Support Files/Pods-foodvisor/Pods-foodvisor.debug.xcconfig"; sourceTree = "<group>"; };
		5AAAD60DEE946270C60B27B9 /* Pods-foodvisorTests.debug.xcconfig */ = {isa = PBXFileReference; includeInIndex = 1; lastKnownFileType = text.xcconfig; name = "Pods-foodvisorTests.debug.xcconfig"; path = "Pods/Target Support Files/Pods-foodvisorTests/Pods-foodvisorTests.debug.xcconfig"; sourceTree = "<group>"; };
		7C06560877692D8664FB4E41 /* Pods_foodvisorTests.framework */ = {isa = PBXFileReference; explicitFileType = wrapper.framework; includeInIndex = 0; path = Pods_foodvisorTests.framework; sourceTree = BUILT_PRODUCTS_DIR; };
		80E99670824C61F7ADCCFF5B /* Pods-foodvisor.release.xcconfig */ = {isa = PBXFileReference; includeInIndex = 1; lastKnownFileType = text.xcconfig; name = "Pods-foodvisor.release.xcconfig"; path = "Pods/Target Support Files/Pods-foodvisor/Pods-foodvisor.release.xcconfig"; sourceTree = "<group>"; };
		8847EFC7A404DB040C80B05F /* Pods_foodvisor.framework */ = {isa = PBXFileReference; explicitFileType = wrapper.framework; includeInIndex = 0; path = Pods_foodvisor.framework; sourceTree = BUILT_PRODUCTS_DIR; };
		CFC2D4D1126F2E27A73CD397 /* Pods-foodvisorTests.release.xcconfig */ = {isa = PBXFileReference; includeInIndex = 1; lastKnownFileType = text.xcconfig; name = "Pods-foodvisorTests.release.xcconfig"; path = "Pods/Target Support Files/Pods-foodvisorTests/Pods-foodvisorTests.release.xcconfig"; sourceTree = "<group>"; };
		DA8B103621EEE0F600526956 /* Aliment.swift */ = {isa = PBXFileReference; lastKnownFileType = sourcecode.swift; path = Aliment.swift; sourceTree = "<group>"; };
		DA8B103821EEE31F00526956 /* typeAliment.swift */ = {isa = PBXFileReference; lastKnownFileType = sourcecode.swift; path = typeAliment.swift; sourceTree = "<group>"; };
		DAAB08DF21EE79E00011D1F4 /* foodvisor.app */ = {isa = PBXFileReference; explicitFileType = wrapper.application; includeInIndex = 0; path = foodvisor.app; sourceTree = BUILT_PRODUCTS_DIR; };
		DAAB08E221EE79E00011D1F4 /* AppDelegate.swift */ = {isa = PBXFileReference; lastKnownFileType = sourcecode.swift; path = AppDelegate.swift; sourceTree = "<group>"; };
		DAAB08E421EE79E00011D1F4 /* ViewController.swift */ = {isa = PBXFileReference; lastKnownFileType = sourcecode.swift; path = ViewController.swift; sourceTree = "<group>"; };
		DAAB08E721EE79E00011D1F4 /* Base */ = {isa = PBXFileReference; lastKnownFileType = file.storyboard; name = Base; path = Base.lproj/Main.storyboard; sourceTree = "<group>"; };
		DAAB08E921EE79E20011D1F4 /* Assets.xcassets */ = {isa = PBXFileReference; lastKnownFileType = folder.assetcatalog; path = Assets.xcassets; sourceTree = "<group>"; };
		DAAB08EC21EE79E20011D1F4 /* Base */ = {isa = PBXFileReference; lastKnownFileType = file.storyboard; name = Base; path = Base.lproj/LaunchScreen.storyboard; sourceTree = "<group>"; };
		DAAB08EE21EE79E20011D1F4 /* Info.plist */ = {isa = PBXFileReference; lastKnownFileType = text.plist.xml; path = Info.plist; sourceTree = "<group>"; };
		DAAB08F321EE79E20011D1F4 /* foodvisorTests.xctest */ = {isa = PBXFileReference; explicitFileType = wrapper.cfbundle; includeInIndex = 0; path = foodvisorTests.xctest; sourceTree = BUILT_PRODUCTS_DIR; };
		DAAB08F721EE79E20011D1F4 /* foodvisorTests.swift */ = {isa = PBXFileReference; lastKnownFileType = sourcecode.swift; path = foodvisorTests.swift; sourceTree = "<group>"; };
		DAAB08F921EE79E20011D1F4 /* Info.plist */ = {isa = PBXFileReference; lastKnownFileType = text.plist.xml; path = Info.plist; sourceTree = "<group>"; };
		DAF43E6621EEBC2300F46631 /* FoodsTableViewCell.swift */ = {isa = PBXFileReference; lastKnownFileType = sourcecode.swift; path = FoodsTableViewCell.swift; sourceTree = "<group>"; };
		DAF43E6821EEBC7300F46631 /* HealthyTableViewCell.swift */ = {isa = PBXFileReference; lastKnownFileType = sourcecode.swift; path = HealthyTableViewCell.swift; sourceTree = "<group>"; };
		DAF43E6A21EEBC8900F46631 /* AllCombinationsTableViewCell.swift */ = {isa = PBXFileReference; lastKnownFileType = sourcecode.swift; path = AllCombinationsTableViewCell.swift; sourceTree = "<group>"; };
/* End PBXFileReference section */

/* Begin PBXFrameworksBuildPhase section */
		DAAB08DC21EE79E00011D1F4 /* Frameworks */ = {
			isa = PBXFrameworksBuildPhase;
			buildActionMask = 2147483647;
			files = (
				E1A8D947DBA48A59F85E7309 /* Pods_foodvisor.framework in Frameworks */,
			);
			runOnlyForDeploymentPostprocessing = 0;
		};
		DAAB08F021EE79E20011D1F4 /* Frameworks */ = {
			isa = PBXFrameworksBuildPhase;
			buildActionMask = 2147483647;
			files = (
				A6C79BAFB392D5D1F18A8783 /* Pods_foodvisorTests.framework in Frameworks */,
			);
			runOnlyForDeploymentPostprocessing = 0;
		};
/* End PBXFrameworksBuildPhase section */

/* Begin PBXGroup section */
		2464A9E988F106D5A347DF8B /* Pods */ = {
			isa = PBXGroup;
			children = (
				3243E631F5943E2F9BCFCBB7 /* Pods-foodvisor.debug.xcconfig */,
				80E99670824C61F7ADCCFF5B /* Pods-foodvisor.release.xcconfig */,
				5AAAD60DEE946270C60B27B9 /* Pods-foodvisorTests.debug.xcconfig */,
				CFC2D4D1126F2E27A73CD397 /* Pods-foodvisorTests.release.xcconfig */,
			);
			name = Pods;
			sourceTree = "<group>";
		};
		B32F7ECFDAFD7539238A3F56 /* Frameworks */ = {
			isa = PBXGroup;
			children = (
				8847EFC7A404DB040C80B05F /* Pods_foodvisor.framework */,
				7C06560877692D8664FB4E41 /* Pods_foodvisorTests.framework */,
			);
			name = Frameworks;
			sourceTree = "<group>";
		};
		DA8B103521EEE0DF00526956 /* Models */ = {
			isa = PBXGroup;
			children = (
				DA8B103621EEE0F600526956 /* Aliment.swift */,
				DA8B103821EEE31F00526956 /* typeAliment.swift */,
			);
			path = Models;
			sourceTree = "<group>";
		};
		DAAB08D621EE79E00011D1F4 = {
			isa = PBXGroup;
			children = (
				DAAB08E121EE79E00011D1F4 /* foodvisor */,
				DAAB08F621EE79E20011D1F4 /* foodvisorTests */,
				DAAB08E021EE79E00011D1F4 /* Products */,
				2464A9E988F106D5A347DF8B /* Pods */,
				B32F7ECFDAFD7539238A3F56 /* Frameworks */,
			);
			sourceTree = "<group>";
		};
		DAAB08E021EE79E00011D1F4 /* Products */ = {
			isa = PBXGroup;
			children = (
				DAAB08DF21EE79E00011D1F4 /* foodvisor.app */,
				DAAB08F321EE79E20011D1F4 /* foodvisorTests.xctest */,
			);
			name = Products;
			sourceTree = "<group>";
		};
		DAAB08E121EE79E00011D1F4 /* foodvisor */ = {
			isa = PBXGroup;
			children = (
				DA8B103521EEE0DF00526956 /* Models */,
				DAAB08E221EE79E00011D1F4 /* AppDelegate.swift */,
				DAAB08E421EE79E00011D1F4 /* ViewController.swift */,
				DAAB08E621EE79E00011D1F4 /* Main.storyboard */,
				DAAB08E921EE79E20011D1F4 /* Assets.xcassets */,
				DAAB08EB21EE79E20011D1F4 /* LaunchScreen.storyboard */,
				DAAB08EE21EE79E20011D1F4 /* Info.plist */,
				DAF43E6621EEBC2300F46631 /* FoodsTableViewCell.swift */,
				DAF43E6821EEBC7300F46631 /* HealthyTableViewCell.swift */,
				DAF43E6A21EEBC8900F46631 /* AllCombinationsTableViewCell.swift */,
			);
			path = foodvisor;
			sourceTree = "<group>";
		};
		DAAB08F621EE79E20011D1F4 /* foodvisorTests */ = {
			isa = PBXGroup;
			children = (
				DAAB08F721EE79E20011D1F4 /* foodvisorTests.swift */,
				DAAB08F921EE79E20011D1F4 /* Info.plist */,
			);
			path = foodvisorTests;
			sourceTree = "<group>";
		};
/* End PBXGroup section */

/* Begin PBXNativeTarget section */
		DAAB08DE21EE79E00011D1F4 /* foodvisor */ = {
			isa = PBXNativeTarget;
			buildConfigurationList = DAAB08FC21EE79E20011D1F4 /* Build configuration list for PBXNativeTarget "foodvisor" */;
			buildPhases = (
				F72D2EB8C0EBABC4E1E49868 /* [CP] Check Pods Manifest.lock */,
				DAAB08DB21EE79E00011D1F4 /* Sources */,
				DAAB08DC21EE79E00011D1F4 /* Frameworks */,
				DAAB08DD21EE79E00011D1F4 /* Resources */,
				0C17F0A02DFB91BA588EC9CD /* [CP] Embed Pods Frameworks */,
			);
			buildRules = (
			);
			dependencies = (
			);
			name = foodvisor;
			productName = foodvisor;
			productReference = DAAB08DF21EE79E00011D1F4 /* foodvisor.app */;
			productType = "com.apple.product-type.application";
		};
		DAAB08F221EE79E20011D1F4 /* foodvisorTests */ = {
			isa = PBXNativeTarget;
			buildConfigurationList = DAAB08FF21EE79E20011D1F4 /* Build configuration list for PBXNativeTarget "foodvisorTests" */;
			buildPhases = (
				C85EEDD565445297B0A015D5 /* [CP] Check Pods Manifest.lock */,
				DAAB08EF21EE79E20011D1F4 /* Sources */,
				DAAB08F021EE79E20011D1F4 /* Frameworks */,
				DAAB08F121EE79E20011D1F4 /* Resources */,
			);
			buildRules = (
			);
			dependencies = (
				DAAB08F521EE79E20011D1F4 /* PBXTargetDependency */,
			);
			name = foodvisorTests;
			productName = foodvisorTests;
			productReference = DAAB08F321EE79E20011D1F4 /* foodvisorTests.xctest */;
			productType = "com.apple.product-type.bundle.unit-test";
		};
/* End PBXNativeTarget section */

/* Begin PBXProject section */
		DAAB08D721EE79E00011D1F4 /* Project object */ = {
			isa = PBXProject;
			attributes = {
				LastSwiftUpdateCheck = 1010;
				LastUpgradeCheck = 1010;
				ORGANIZATIONNAME = fahmi;
				TargetAttributes = {
					DAAB08DE21EE79E00011D1F4 = {
						CreatedOnToolsVersion = 10.1;
					};
					DAAB08F221EE79E20011D1F4 = {
						CreatedOnToolsVersion = 10.1;
						TestTargetID = DAAB08DE21EE79E00011D1F4;
					};
				};
			};
			buildConfigurationList = DAAB08DA21EE79E00011D1F4 /* Build configuration list for PBXProject "foodvisor" */;
			compatibilityVersion = "Xcode 9.3";
			developmentRegion = en;
			hasScannedForEncodings = 0;
			knownRegions = (
				en,
				Base,
			);
			mainGroup = DAAB08D621EE79E00011D1F4;
			productRefGroup = DAAB08E021EE79E00011D1F4 /* Products */;
			projectDirPath = "";
			projectRoot = "";
			targets = (
				DAAB08DE21EE79E00011D1F4 /* foodvisor */,
				DAAB08F221EE79E20011D1F4 /* foodvisorTests */,
			);
		};
/* End PBXProject section */

/* Begin PBXResourcesBuildPhase section */
		DAAB08DD21EE79E00011D1F4 /* Resources */ = {
			isa = PBXResourcesBuildPhase;
			buildActionMask = 2147483647;
			files = (
				DAAB08ED21EE79E20011D1F4 /* LaunchScreen.storyboard in Resources */,
				DAAB08EA21EE79E20011D1F4 /* Assets.xcassets in Resources */,
				DAAB08E821EE79E00011D1F4 /* Main.storyboard in Resources */,
			);
			runOnlyForDeploymentPostprocessing = 0;
		};
		DAAB08F121EE79E20011D1F4 /* Resources */ = {
			isa = PBXResourcesBuildPhase;
			buildActionMask = 2147483647;
			files = (
			);
			runOnlyForDeploymentPostprocessing = 0;
		};
/* End PBXResourcesBuildPhase section */

/* Begin PBXShellScriptBuildPhase section */
		0C17F0A02DFB91BA588EC9CD /* [CP] Embed Pods Frameworks */ = {
			isa = PBXShellScriptBuildPhase;
			buildActionMask = 2147483647;
			files = (
			);
			inputPaths = (
				"${SRCROOT}/Pods/Target Support Files/Pods-foodvisor/Pods-foodvisor-frameworks.sh",
				"${BUILT_PRODUCTS_DIR}/Alamofire/Alamofire.framework",
				"${BUILT_PRODUCTS_DIR}/SwiftyJSON/SwiftyJSON.framework",
			);
			name = "[CP] Embed Pods Frameworks";
			outputPaths = (
				"${TARGET_BUILD_DIR}/${FRAMEWORKS_FOLDER_PATH}/Alamofire.framework",
				"${TARGET_BUILD_DIR}/${FRAMEWORKS_FOLDER_PATH}/SwiftyJSON.framework",
			);
			runOnlyForDeploymentPostprocessing = 0;
			shellPath = /bin/sh;
			shellScript = "\"${SRCROOT}/Pods/Target Support Files/Pods-foodvisor/Pods-foodvisor-frameworks.sh\"\n";
			showEnvVarsInLog = 0;
		};
		C85EEDD565445297B0A015D5 /* [CP] Check Pods Manifest.lock */ = {
			isa = PBXShellScriptBuildPhase;
			buildActionMask = 2147483647;
			files = (
			);
			inputPaths = (
				"${PODS_PODFILE_DIR_PATH}/Podfile.lock",
				"${PODS_ROOT}/Manifest.lock",
			);
			name = "[CP] Check Pods Manifest.lock";
			outputPaths = (
				"$(DERIVED_FILE_DIR)/Pods-foodvisorTests-checkManifestLockResult.txt",
			);
			runOnlyForDeploymentPostprocessing = 0;
			shellPath = /bin/sh;
			shellScript = "diff \"${PODS_PODFILE_DIR_PATH}/Podfile.lock\" \"${PODS_ROOT}/Manifest.lock\" > /dev/null\nif [ $? != 0 ] ; then\n    # print error to STDERR\n    echo \"error: The sandbox is not in sync with the Podfile.lock. Run 'pod install' or update your CocoaPods installation.\" >&2\n    exit 1\nfi\n# This output is used by Xcode 'outputs' to avoid re-running this script phase.\necho \"SUCCESS\" > \"${SCRIPT_OUTPUT_FILE_0}\"\n";
			showEnvVarsInLog = 0;
		};
		F72D2EB8C0EBABC4E1E49868 /* [CP] Check Pods Manifest.lock */ = {
			isa = PBXShellScriptBuildPhase;
			buildActionMask = 2147483647;
			files = (
			);
			inputPaths = (
				"${PODS_PODFILE_DIR_PATH}/Podfile.lock",
				"${PODS_ROOT}/Manifest.lock",
			);
			name = "[CP] Check Pods Manifest.lock";
			outputPaths = (
				"$(DERIVED_FILE_DIR)/Pods-foodvisor-checkManifestLockResult.txt",
			);
			runOnlyForDeploymentPostprocessing = 0;
			shellPath = /bin/sh;
			shellScript = "diff \"${PODS_PODFILE_DIR_PATH}/Podfile.lock\" \"${PODS_ROOT}/Manifest.lock\" > /dev/null\nif [ $? != 0 ] ; then\n    # print error to STDERR\n    echo \"error: The sandbox is not in sync with the Podfile.lock. Run 'pod install' or update your CocoaPods installation.\" >&2\n    exit 1\nfi\n# This output is used by Xcode 'outputs' to avoid re-running this script phase.\necho \"SUCCESS\" > \"${SCRIPT_OUTPUT_FILE_0}\"\n";
			showEnvVarsInLog = 0;
		};
/* End PBXShellScriptBuildPhase section */

/* Begin PBXSourcesBuildPhase section */
		DAAB08DB21EE79E00011D1F4 /* Sources */ = {
			isa = PBXSourcesBuildPhase;
			buildActionMask = 2147483647;
			files = (
				DA8B103921EEE31F00526956 /* typeAliment.swift in Sources */,
				DA8B103721EEE0F600526956 /* Aliment.swift in Sources */,
				DAAB08E521EE79E00011D1F4 /* ViewController.swift in Sources */,
				DAF43E6B21EEBC8900F46631 /* AllCombinationsTableViewCell.swift in Sources */,
				DAF43E6721EEBC2300F46631 /* FoodsTableViewCell.swift in Sources */,
				DAAB08E321EE79E00011D1F4 /* AppDelegate.swift in Sources */,
				DAF43E6921EEBC7300F46631 /* HealthyTableViewCell.swift in Sources */,
			);
			runOnlyForDeploymentPostprocessing = 0;
		};
		DAAB08EF21EE79E20011D1F4 /* Sources */ = {
			isa = PBXSourcesBuildPhase;
			buildActionMask = 2147483647;
			files = (
				DAAB08F821EE79E20011D1F4 /* foodvisorTests.swift in Sources */,
			);
			runOnlyForDeploymentPostprocessing = 0;
		};
/* End PBXSourcesBuildPhase section */

/* Begin PBXTargetDependency section */
		DAAB08F521EE79E20011D1F4 /* PBXTargetDependency */ = {
			isa = PBXTargetDependency;
			target = DAAB08DE21EE79E00011D1F4 /* foodvisor */;
			targetProxy = DAAB08F421EE79E20011D1F4 /* PBXContainerItemProxy */;
		};
/* End PBXTargetDependency section */

/* Begin PBXVariantGroup section */
		DAAB08E621EE79E00011D1F4 /* Main.storyboard */ = {
			isa = PBXVariantGroup;
			children = (
				DAAB08E721EE79E00011D1F4 /* Base */,
			);
			name = Main.storyboard;
			sourceTree = "<group>";
		};
		DAAB08EB21EE79E20011D1F4 /* LaunchScreen.storyboard */ = {
			isa = PBXVariantGroup;
			children = (
				DAAB08EC21EE79E20011D1F4 /* Base */,
			);
			name = LaunchScreen.storyboard;
			sourceTree = "<group>";
		};
/* End PBXVariantGroup section */

/* Begin XCBuildConfiguration section */
		DAAB08FA21EE79E20011D1F4 /* Debug */ = {
			isa = XCBuildConfiguration;
			buildSettings = {
				ALWAYS_SEARCH_USER_PATHS = NO;
				CLANG_ANALYZER_NONNULL = YES;
				CLANG_ANALYZER_NUMBER_OBJECT_CONVERSION = YES_AGGRESSIVE;
				CLANG_CXX_LANGUAGE_STANDARD = "gnu++14";
				CLANG_CXX_LIBRARY = "libc++";
				CLANG_ENABLE_MODULES = YES;
				CLANG_ENABLE_OBJC_ARC = YES;
				CLANG_ENABLE_OBJC_WEAK = YES;
				CLANG_WARN_BLOCK_CAPTURE_AUTORELEASING = YES;
				CLANG_WARN_BOOL_CONVERSION = YES;
				CLANG_WARN_COMMA = YES;
				CLANG_WARN_CONSTANT_CONVERSION = YES;
				CLANG_WARN_DEPRECATED_OBJC_IMPLEMENTATIONS = YES;
				CLANG_WARN_DIRECT_OBJC_ISA_USAGE = YES_ERROR;
				CLANG_WARN_DOCUMENTATION_COMMENTS = YES;
				CLANG_WARN_EMPTY_BODY = YES;
				CLANG_WARN_ENUM_CONVERSION = YES;
				CLANG_WARN_INFINITE_RECURSION = YES;
				CLANG_WARN_INT_CONVERSION = YES;
				CLANG_WARN_NON_LITERAL_NULL_CONVERSION = YES;
				CLANG_WARN_OBJC_IMPLICIT_RETAIN_SELF = YES;
				CLANG_WARN_OBJC_LITERAL_CONVERSION = YES;
				CLANG_WARN_OBJC_ROOT_CLASS = YES_ERROR;
				CLANG_WARN_RANGE_LOOP_ANALYSIS = YES;
				CLANG_WARN_STRICT_PROTOTYPES = YES;
				CLANG_WARN_SUSPICIOUS_MOVE = YES;
				CLANG_WARN_UNGUARDED_AVAILABILITY = YES_AGGRESSIVE;
				CLANG_WARN_UNREACHABLE_CODE = YES;
				CLANG_WARN__DUPLICATE_METHOD_MATCH = YES;
				CODE_SIGN_IDENTITY = "iPhone Developer";
				COPY_PHASE_STRIP = NO;
				DEBUG_INFORMATION_FORMAT = dwarf;
				ENABLE_STRICT_OBJC_MSGSEND = YES;
				ENABLE_TESTABILITY = YES;
				GCC_C_LANGUAGE_STANDARD = gnu11;
				GCC_DYNAMIC_NO_PIC = NO;
				GCC_NO_COMMON_BLOCKS = YES;
				GCC_OPTIMIZATION_LEVEL = 0;
				GCC_PREPROCESSOR_DEFINITIONS = (
					"DEBUG=1",
					"$(inherited)",
				);
				GCC_WARN_64_TO_32_BIT_CONVERSION = YES;
				GCC_WARN_ABOUT_RETURN_TYPE = YES_ERROR;
				GCC_WARN_UNDECLARED_SELECTOR = YES;
				GCC_WARN_UNINITIALIZED_AUTOS = YES_AGGRESSIVE;
				GCC_WARN_UNUSED_FUNCTION = YES;
				GCC_WARN_UNUSED_VARIABLE = YES;
				IPHONEOS_DEPLOYMENT_TARGET = 12.1;
				MTL_ENABLE_DEBUG_INFO = INCLUDE_SOURCE;
				MTL_FAST_MATH = YES;
				ONLY_ACTIVE_ARCH = YES;
				SDKROOT = iphoneos;
				SWIFT_ACTIVE_COMPILATION_CONDITIONS = DEBUG;
				SWIFT_OPTIMIZATION_LEVEL = "-Onone";
			};
			name = Debug;
		};
		DAAB08FB21EE79E20011D1F4 /* Release */ = {
			isa = XCBuildConfiguration;
			buildSettings = {
				ALWAYS_SEARCH_USER_PATHS = NO;
				CLANG_ANALYZER_NONNULL = YES;
				CLANG_ANALYZER_NUMBER_OBJECT_CONVERSION = YES_AGGRESSIVE;
				CLANG_CXX_LANGUAGE_STANDARD = "gnu++14";
				CLANG_CXX_LIBRARY = "libc++";
				CLANG_ENABLE_MODULES = YES;
				CLANG_ENABLE_OBJC_ARC = YES;
				CLANG_ENABLE_OBJC_WEAK = YES;
				CLANG_WARN_BLOCK_CAPTURE_AUTORELEASING = YES;
				CLANG_WARN_BOOL_CONVERSION = YES;
				CLANG_WARN_COMMA = YES;
				CLANG_WARN_CONSTANT_CONVERSION = YES;
				CLANG_WARN_DEPRECATED_OBJC_IMPLEMENTATIONS = YES;
				CLANG_WARN_DIRECT_OBJC_ISA_USAGE = YES_ERROR;
				CLANG_WARN_DOCUMENTATION_COMMENTS = YES;
				CLANG_WARN_EMPTY_BODY = YES;
				CLANG_WARN_ENUM_CONVERSION = YES;
				CLANG_WARN_INFINITE_RECURSION = YES;
				CLANG_WARN_INT_CONVERSION = YES;
				CLANG_WARN_NON_LITERAL_NULL_CONVERSION = YES;
				CLANG_WARN_OBJC_IMPLICIT_RETAIN_SELF = YES;
				CLANG_WARN_OBJC_LITERAL_CONVERSION = YES;
				CLANG_WARN_OBJC_ROOT_CLASS = YES_ERROR;
				CLANG_WARN_RANGE_LOOP_ANALYSIS = YES;
				CLANG_WARN_STRICT_PROTOTYPES = YES;
				CLANG_WARN_SUSPICIOUS_MOVE = YES;
				CLANG_WARN_UNGUARDED_AVAILABILITY = YES_AGGRESSIVE;
				CLANG_WARN_UNREACHABLE_CODE = YES;
				CLANG_WARN__DUPLICATE_METHOD_MATCH = YES;
				CODE_SIGN_IDENTITY = "iPhone Developer";
				COPY_PHASE_STRIP = NO;
				DEBUG_INFORMATION_FORMAT = "dwarf-with-dsym";
				ENABLE_NS_ASSERTIONS = NO;
				ENABLE_STRICT_OBJC_MSGSEND = YES;
				GCC_C_LANGUAGE_STANDARD = gnu11;
				GCC_NO_COMMON_BLOCKS = YES;
				GCC_WARN_64_TO_32_BIT_CONVERSION = YES;
				GCC_WARN_ABOUT_RETURN_TYPE = YES_ERROR;
				GCC_WARN_UNDECLARED_SELECTOR = YES;
				GCC_WARN_UNINITIALIZED_AUTOS = YES_AGGRESSIVE;
				GCC_WARN_UNUSED_FUNCTION = YES;
				GCC_WARN_UNUSED_VARIABLE = YES;
				IPHONEOS_DEPLOYMENT_TARGET = 12.1;
				MTL_ENABLE_DEBUG_INFO = NO;
				MTL_FAST_MATH = YES;
				SDKROOT = iphoneos;
				SWIFT_COMPILATION_MODE = wholemodule;
				SWIFT_OPTIMIZATION_LEVEL = "-O";
				VALIDATE_PRODUCT = YES;
			};
			name = Release;
		};
		DAAB08FD21EE79E20011D1F4 /* Debug */ = {
			isa = XCBuildConfiguration;
			baseConfigurationReference = 3243E631F5943E2F9BCFCBB7 /* Pods-foodvisor.debug.xcconfig */;
			buildSettings = {
				ASSETCATALOG_COMPILER_APPICON_NAME = AppIcon;
				CODE_SIGN_STYLE = Automatic;
				DEVELOPMENT_TEAM = YVHZG69PE8;
				INFOPLIST_FILE = foodvisor/Info.plist;
				IPHONEOS_DEPLOYMENT_TARGET = 12.1;
				LD_RUNPATH_SEARCH_PATHS = (
					"$(inherited)",
					"@executable_path/Frameworks",
				);
				PRODUCT_BUNDLE_IDENTIFIER = fahmi.barguellil.foodvisor;
				PRODUCT_NAME = "$(TARGET_NAME)";
				SWIFT_VERSION = 4.2;
				TARGETED_DEVICE_FAMILY = "1,2";
			};
			name = Debug;
		};
		DAAB08FE21EE79E20011D1F4 /* Release */ = {
			isa = XCBuildConfiguration;
			baseConfigurationReference = 80E99670824C61F7ADCCFF5B /* Pods-foodvisor.release.xcconfig */;
			buildSettings = {
				ASSETCATALOG_COMPILER_APPICON_NAME = AppIcon;
				CODE_SIGN_STYLE = Automatic;
				DEVELOPMENT_TEAM = YVHZG69PE8;
				INFOPLIST_FILE = foodvisor/Info.plist;
				IPHONEOS_DEPLOYMENT_TARGET = 12.1;
				LD_RUNPATH_SEARCH_PATHS = (
					"$(inherited)",
					"@executable_path/Frameworks",
				);
				PRODUCT_BUNDLE_IDENTIFIER = fahmi.barguellil.foodvisor;
				PRODUCT_NAME = "$(TARGET_NAME)";
				SWIFT_VERSION = 4.2;
				TARGETED_DEVICE_FAMILY = "1,2";
			};
			name = Release;
		};
		DAAB090021EE79E20011D1F4 /* Debug */ = {
			isa = XCBuildConfiguration;
			baseConfigurationReference = 5AAAD60DEE946270C60B27B9 /* Pods-foodvisorTests.debug.xcconfig */;
			buildSettings = {
				ALWAYS_EMBED_SWIFT_STANDARD_LIBRARIES = YES;
				BUNDLE_LOADER = "$(TEST_HOST)";
				CODE_SIGN_STYLE = Automatic;
				DEVELOPMENT_TEAM = YVHZG69PE8;
				INFOPLIST_FILE = foodvisorTests/Info.plist;
				LD_RUNPATH_SEARCH_PATHS = (
					"$(inherited)",
					"@executable_path/Frameworks",
					"@loader_path/Frameworks",
				);
				PRODUCT_BUNDLE_IDENTIFIER = fahmi.barguellil.foodvisorTests;
				PRODUCT_NAME = "$(TARGET_NAME)";
				SWIFT_VERSION = 4.2;
				TARGETED_DEVICE_FAMILY = "1,2";
				TEST_HOST = "$(BUILT_PRODUCTS_DIR)/foodvisor.app/foodvisor";
			};
			name = Debug;
		};
		DAAB090121EE79E20011D1F4 /* Release */ = {
			isa = XCBuildConfiguration;
			baseConfigurationReference = CFC2D4D1126F2E27A73CD397 /* Pods-foodvisorTests.release.xcconfig */;
			buildSettings = {
				ALWAYS_EMBED_SWIFT_STANDARD_LIBRARIES = YES;
				BUNDLE_LOADER = "$(TEST_HOST)";
				CODE_SIGN_STYLE = Automatic;
				DEVELOPMENT_TEAM = YVHZG69PE8;
				INFOPLIST_FILE = foodvisorTests/Info.plist;
				LD_RUNPATH_SEARCH_PATHS = (
					"$(inherited)",
					"@executable_path/Frameworks",
					"@loader_path/Frameworks",
				);
				PRODUCT_BUNDLE_IDENTIFIER = fahmi.barguellil.foodvisorTests;
				PRODUCT_NAME = "$(TARGET_NAME)";
				SWIFT_VERSION = 4.2;
				TARGETED_DEVICE_FAMILY = "1,2";
				TEST_HOST = "$(BUILT_PRODUCTS_DIR)/foodvisor.app/foodvisor";
			};
			name = Release;
		};
/* End XCBuildConfiguration section */

/* Begin XCConfigurationList section */
		DAAB08DA21EE79E00011D1F4 /* Build configuration list for PBXProject "foodvisor" */ = {
			isa = XCConfigurationList;
			buildConfigurations = (
				DAAB08FA21EE79E20011D1F4 /* Debug */,
				DAAB08FB21EE79E20011D1F4 /* Release */,
			);
			defaultConfigurationIsVisible = 0;
			defaultConfigurationName = Release;
		};
		DAAB08FC21EE79E20011D1F4 /* Build configuration list for PBXNativeTarget "foodvisor" */ = {
			isa = XCConfigurationList;
			buildConfigurations = (
				DAAB08FD21EE79E20011D1F4 /* Debug */,
				DAAB08FE21EE79E20011D1F4 /* Release */,
			);
			defaultConfigurationIsVisible = 0;
			defaultConfigurationName = Release;
		};
		DAAB08FF21EE79E20011D1F4 /* Build configuration list for PBXNativeTarget "foodvisorTests" */ = {
			isa = XCConfigurationList;
			buildConfigurations = (
				DAAB090021EE79E20011D1F4 /* Debug */,
				DAAB090121EE79E20011D1F4 /* Release */,
			);
			defaultConfigurationIsVisible = 0;
			defaultConfigurationName = Release;
		};
/* End XCConfigurationList section */
	};
	rootObject = DAAB08D721EE79E00011D1F4 /* Project object */;
}
